{
  "name": "@hugelton/jackle",
  "version": "0.1.0",
  "lockfileVersion": 3,
  "requires": true,
  "packages": {
    "": {
      "name": "@hugelton/jackle",
      "version": "0.1.0",
      "license": "MIT",
      "bin": {
        "jackle": "bin/jackle.mjs"
      },
      "engines": {
        "node": ">=18.0.0"
      }
    }
  }
}
